{
  "name": "package_akshitha",
  "version": "1.0.0",
  "lockfileVersion": 3,
  "requires": true,
  "packages": {
    "": {
      "name": "package_akshitha",
      "version": "1.0.0",
      "license": "ISC",
      "dependencies": {
        "package_sirij2": "^1.0.0"
      }
    },
    "node_modules/package_sirij2": {
      "version": "1.0.0",
      "resolved": "https://registry.npmjs.org/package_sirij2/-/package_sirij2-1.0.0.tgz",
      "integrity": "sha512-6SoP+7KrHQTsZ3k8tx5BdeL4WWQoHf8ikh4vLbTuwxUpHZuHjq4G+7Dh4OGWwc9e3aREur6NVw2mRPxDP/nEHA==",
      "license": "ISC"
    }
  }
}
